// !$*UTF8*$!
{
	archiveVersion = 1;
	classes = {
	};
	objectVersion = 56;
	objects = {

/* Begin PBXBuildFile section */
		F519E93F2B052AE3003FA988 /* NoteInfo.swift in Sources */ = {isa = PBXBuildFile; fileRef = F519E93E2B052AE3003FA988 /* NoteInfo.swift */; };
		F561F35A2B03CB5100194381 /* Learning_SwiftData_with_Notes_CloneApp.swift in Sources */ = {isa = PBXBuildFile; fileRef = F561F3592B03CB5100194381 /* Learning_SwiftData_with_Notes_CloneApp.swift */; };
		F561F35C2B03CB5100194381 /* ContentView.swift in Sources */ = {isa = PBXBuildFile; fileRef = F561F35B2B03CB5100194381 /* ContentView.swift */; };
		F561F35E2B03CB5200194381 /* Assets.xcassets in Resources */ = {isa = PBXBuildFile; fileRef = F561F35D2B03CB5200194381 /* Assets.xcassets */; };
		F561F3612B03CB5200194381 /* Preview Assets.xcassets in Resources */ = {isa = PBXBuildFile; fileRef = F561F3602B03CB5200194381 /* Preview Assets.xcassets */; };
		F5BE0BF42B04C3940066526C /* Model.swift in Sources */ = {isa = PBXBuildFile; fileRef = F5BE0BF32B04C3940066526C /* Model.swift */; };
		F5C8040A2B0CD3D40093FABE /* AlliCloudNotesView.swift in Sources */ = {isa = PBXBuildFile; fileRef = F5C804092B0CD3D40093FABE /* AlliCloudNotesView.swift */; };
		F5D2B87F2B07EE200001C054 /* CreateNewNoteView.swift in Sources */ = {isa = PBXBuildFile; fileRef = F5D2B87E2B07EE200001C054 /* CreateNewNoteView.swift */; };
/* End PBXBuildFile section */

/* Begin PBXFileReference section */
		F519E93E2B052AE3003FA988 /* NoteInfo.swift */ = {isa = PBXFileReference; lastKnownFileType = sourcecode.swift; path = NoteInfo.swift; sourceTree = "<group>"; };
		F561F3562B03CB5100194381 /* Learning_SwiftData_with_Notes_Clone.app */ = {isa = PBXFileReference; explicitFileType = wrapper.application; includeInIndex = 0; path = Learning_SwiftData_with_Notes_Clone.app; sourceTree = BUILT_PRODUCTS_DIR; };
		F561F3592B03CB5100194381 /* Learning_SwiftData_with_Notes_CloneApp.swift */ = {isa = PBXFileReference; lastKnownFileType = sourcecode.swift; path = Learning_SwiftData_with_Notes_CloneApp.swift; sourceTree = "<group>"; };
		F561F35B2B03CB5100194381 /* ContentView.swift */ = {isa = PBXFileReference; lastKnownFileType = sourcecode.swift; path = ContentView.swift; sourceTree = "<group>"; };
		F561F35D2B03CB5200194381 /* Assets.xcassets */ = {isa = PBXFileReference; lastKnownFileType = folder.assetcatalog; path = Assets.xcassets; sourceTree = "<group>"; };
		F561F3602B03CB5200194381 /* Preview Assets.xcassets */ = {isa = PBXFileReference; lastKnownFileType = folder.assetcatalog; path = "Preview Assets.xcassets"; sourceTree = "<group>"; };
		F5BE0BF32B04C3940066526C /* Model.swift */ = {isa = PBXFileReference; lastKnownFileType = sourcecode.swift; path = Model.swift; sourceTree = "<group>"; };
		F5C804092B0CD3D40093FABE /* AlliCloudNotesView.swift */ = {isa = PBXFileReference; lastKnownFileType = sourcecode.swift; path = AlliCloudNotesView.swift; sourceTree = "<group>"; };
		F5D2B87E2B07EE200001C054 /* CreateNewNoteView.swift */ = {isa = PBXFileReference; lastKnownFileType = sourcecode.swift; path = CreateNewNoteView.swift; sourceTree = "<group>"; };
/* End PBXFileReference section */

/* Begin PBXFrameworksBuildPhase section */
		F561F3532B03CB5100194381 /* Frameworks */ = {
			isa = PBXFrameworksBuildPhase;
			buildActionMask = 2147483647;
			files = (
			);
			runOnlyForDeploymentPostprocessing = 0;
		};
/* End PBXFrameworksBuildPhase section */

/* Begin PBXGroup section */
		F519E93D2B052AC7003FA988 /* Component */ = {
			isa = PBXGroup;
			children = (
				F519E93E2B052AE3003FA988 /* NoteInfo.swift */,
			);
			path = Component;
			sourceTree = "<group>";
		};
		F561F34D2B03CB5100194381 = {
			isa = PBXGroup;
			children = (
				F561F3582B03CB5100194381 /* Learning_SwiftData_with_Notes_Clone */,
				F561F3572B03CB5100194381 /* Products */,
			);
			sourceTree = "<group>";
		};
		F561F3572B03CB5100194381 /* Products */ = {
			isa = PBXGroup;
			children = (
				F561F3562B03CB5100194381 /* Learning_SwiftData_with_Notes_Clone.app */,
			);
			name = Products;
			sourceTree = "<group>";
		};
		F561F3582B03CB5100194381 /* Learning_SwiftData_with_Notes_Clone */ = {
			isa = PBXGroup;
			children = (
				F561F3592B03CB5100194381 /* Learning_SwiftData_with_Notes_CloneApp.swift */,
				F519E93D2B052AC7003FA988 /* Component */,
				F5BE0BF22B04C37C0066526C /* Model */,
				F5D2B87D2B07EA460001C054 /* View */,
				F561F35D2B03CB5200194381 /* Assets.xcassets */,
				F561F35F2B03CB5200194381 /* Preview Content */,
			);
			path = Learning_SwiftData_with_Notes_Clone;
			sourceTree = "<group>";
		};
		F561F35F2B03CB5200194381 /* Preview Content */ = {
			isa = PBXGroup;
			children = (
				F561F3602B03CB5200194381 /* Preview Assets.xcassets */,
			);
			path = "Preview Content";
			sourceTree = "<group>";
		};
		F5BE0BF22B04C37C0066526C /* Model */ = {
			isa = PBXGroup;
			children = (
				F5BE0BF32B04C3940066526C /* Model.swift */,
			);
			path = Model;
			sourceTree = "<group>";
		};
		F5D2B87D2B07EA460001C054 /* View */ = {
			isa = PBXGroup;
			children = (
				F561F35B2B03CB5100194381 /* ContentView.swift */,
				F5D2B87E2B07EE200001C054 /* CreateNewNoteView.swift */,
				F5C804092B0CD3D40093FABE /* AlliCloudNotesView.swift */,
			);
			path = View;
			sourceTree = "<group>";
		};
/* End PBXGroup section */

/* Begin PBXNativeTarget section */
		F561F3552B03CB5100194381 /* Learning_SwiftData_with_Notes_Clone */ = {
			isa = PBXNativeTarget;
			buildConfigurationList = F561F3642B03CB5200194381 /* Build configuration list for PBXNativeTarget "Learning_SwiftData_with_Notes_Clone" */;
			buildPhases = (
				F561F3522B03CB5100194381 /* Sources */,
				F561F3532B03CB5100194381 /* Frameworks */,
				F561F3542B03CB5100194381 /* Resources */,
			);
			buildRules = (
			);
			dependencies = (
			);
			name = Learning_SwiftData_with_Notes_Clone;
			productName = Learning_SwiftData_with_Notes_Clone;
			productReference = F561F3562B03CB5100194381 /* Learning_SwiftData_with_Notes_Clone.app */;
			productType = "com.apple.product-type.application";
		};
/* End PBXNativeTarget section */

/* Begin PBXProject section */
		F561F34E2B03CB5100194381 /* Project object */ = {
			isa = PBXProject;
			attributes = {
				BuildIndependentTargetsInParallel = 1;
				LastSwiftUpdateCheck = 1500;
				LastUpgradeCheck = 1500;
				TargetAttributes = {
					F561F3552B03CB5100194381 = {
						CreatedOnToolsVersion = 15.0.1;
					};
				};
			};
			buildConfigurationList = F561F3512B03CB5100194381 /* Build configuration list for PBXProject "Learning_SwiftData_with_Notes_Clone" */;
			compatibilityVersion = "Xcode 14.0";
			developmentRegion = en;
			hasScannedForEncodings = 0;
			knownRegions = (
				en,
				Base,
			);
			mainGroup = F561F34D2B03CB5100194381;
			productRefGroup = F561F3572B03CB5100194381 /* Products */;
			projectDirPath = "";
			projectRoot = "";
			targets = (
				F561F3552B03CB5100194381 /* Learning_SwiftData_with_Notes_Clone */,
			);
		};
/* End PBXProject section */

/* Begin PBXResourcesBuildPhase section */
		F561F3542B03CB5100194381 /* Resources */ = {
			isa = PBXResourcesBuildPhase;
			buildActionMask = 2147483647;
			files = (
				F561F3612B03CB5200194381 /* Preview Assets.xcassets in Resources */,
				F561F35E2B03CB5200194381 /* Assets.xcassets in Resources */,
			);
			runOnlyForDeploymentPostprocessing = 0;
		};
/* End PBXResourcesBuildPhase section */

/* Begin PBXSourcesBuildPhase section */
		F561F3522B03CB5100194381 /* Sources */ = {
			isa = PBXSourcesBuildPhase;
			buildActionMask = 2147483647;
			files = (
				F5BE0BF42B04C3940066526C /* Model.swift in Sources */,
				F561F35C2B03CB5100194381 /* ContentView.swift in Sources */,
				F561F35A2B03CB5100194381 /* Learning_SwiftData_with_Notes_CloneApp.swift in Sources */,
				F519E93F2B052AE3003FA988 /* NoteInfo.swift in Sources */,
				F5C8040A2B0CD3D40093FABE /* AlliCloudNotesView.swift in Sources */,
				F5D2B87F2B07EE200001C054 /* CreateNewNoteView.swift in Sources */,
			);
			runOnlyForDeploymentPostprocessing = 0;
		};
/* End PBXSourcesBuildPhase section */

/* Begin XCBuildConfiguration section */
		F561F3622B03CB5200194381 /* Debug */ = {
			isa = XCBuildConfiguration;
			buildSettings = {
				ALWAYS_SEARCH_USER_PATHS = NO;
				ASSETCATALOG_COMPILER_GENERATE_SWIFT_ASSET_SYMBOL_EXTENSIONS = YES;
				CLANG_ANALYZER_NONNULL = YES;
				CLANG_ANALYZER_NUMBER_OBJECT_CONVERSION = YES_AGGRESSIVE;
				CLANG_CXX_LANGUAGE_STANDARD = "gnu++20";
				CLANG_ENABLE_MODULES = YES;
				CLANG_ENABLE_OBJC_ARC = YES;
				CLANG_ENABLE_OBJC_WEAK = YES;
				CLANG_WARN_BLOCK_CAPTURE_AUTORELEASING = YES;
				CLANG_WARN_BOOL_CONVERSION = YES;
				CLANG_WARN_COMMA = YES;
				CLANG_WARN_CONSTANT_CONVERSION = YES;
				CLANG_WARN_DEPRECATED_OBJC_IMPLEMENTATIONS = YES;
				CLANG_WARN_DIRECT_OBJC_ISA_USAGE = YES_ERROR;
				CLANG_WARN_DOCUMENTATION_COMMENTS = YES;
				CLANG_WARN_EMPTY_BODY = YES;
				CLANG_WARN_ENUM_CONVERSION = YES;
				CLANG_WARN_INFINITE_RECURSION = YES;
				CLANG_WARN_INT_CONVERSION = YES;
				CLANG_WARN_NON_LITERAL_NULL_CONVERSION = YES;
				CLANG_WARN_OBJC_IMPLICIT_RETAIN_SELF = YES;
				CLANG_WARN_OBJC_LITERAL_CONVERSION = YES;
				CLANG_WARN_OBJC_ROOT_CLASS = YES_ERROR;
				CLANG_WARN_QUOTED_INCLUDE_IN_FRAMEWORK_HEADER = YES;
				CLANG_WARN_RANGE_LOOP_ANALYSIS = YES;
				CLANG_WARN_STRICT_PROTOTYPES = YES;
				CLANG_WARN_SUSPICIOUS_MOVE = YES;
				CLANG_WARN_UNGUARDED_AVAILABILITY = YES_AGGRESSIVE;
				CLANG_WARN_UNREACHABLE_CODE = YES;
				CLANG_WARN__DUPLICATE_METHOD_MATCH = YES;
				COPY_PHASE_STRIP = NO;
				DEBUG_INFORMATION_FORMAT = dwarf;
				ENABLE_STRICT_OBJC_MSGSEND = YES;
				ENABLE_TESTABILITY = YES;
				ENABLE_USER_SCRIPT_SANDBOXING = YES;
				GCC_C_LANGUAGE_STANDARD = gnu17;
				GCC_DYNAMIC_NO_PIC = NO;
				GCC_NO_COMMON_BLOCKS = YES;
				GCC_OPTIMIZATION_LEVEL = 0;
				GCC_PREPROCESSOR_DEFINITIONS = (
					"DEBUG=1",
					"$(inherited)",
				);
				GCC_WARN_64_TO_32_BIT_CONVERSION = YES;
				GCC_WARN_ABOUT_RETURN_TYPE = YES_ERROR;
				GCC_WARN_UNDECLARED_SELECTOR = YES;
				GCC_WARN_UNINITIALIZED_AUTOS = YES_AGGRESSIVE;
				GCC_WARN_UNUSED_FUNCTION = YES;
				GCC_WARN_UNUSED_VARIABLE = YES;
				IPHONEOS_DEPLOYMENT_TARGET = 17.0;
				LOCALIZATION_PREFERS_STRING_CATALOGS = YES;
				MTL_ENABLE_DEBUG_INFO = INCLUDE_SOURCE;
				MTL_FAST_MATH = YES;
				ONLY_ACTIVE_ARCH = YES;
				SDKROOT = iphoneos;
				SWIFT_ACTIVE_COMPILATION_CONDITIONS = "DEBUG $(inherited)";
				SWIFT_OPTIMIZATION_LEVEL = "-Onone";
			};
			name = Debug;
		};
		F561F3632B03CB5200194381 /* Release */ = {
			isa = XCBuildConfiguration;
			buildSettings = {
				ALWAYS_SEARCH_USER_PATHS = NO;
				ASSETCATALOG_COMPILER_GENERATE_SWIFT_ASSET_SYMBOL_EXTENSIONS = YES;
				CLANG_ANALYZER_NONNULL = YES;
				CLANG_ANALYZER_NUMBER_OBJECT_CONVERSION = YES_AGGRESSIVE;
				CLANG_CXX_LANGUAGE_STANDARD = "gnu++20";
				CLANG_ENABLE_MODULES = YES;
				CLANG_ENABLE_OBJC_ARC = YES;
				CLANG_ENABLE_OBJC_WEAK = YES;
				CLANG_WARN_BLOCK_CAPTURE_AUTORELEASING = YES;
				CLANG_WARN_BOOL_CONVERSION = YES;
				CLANG_WARN_COMMA = YES;
				CLANG_WARN_CONSTANT_CONVERSION = YES;
				CLANG_WARN_DEPRECATED_OBJC_IMPLEMENTATIONS = YES;
				CLANG_WARN_DIRECT_OBJC_ISA_USAGE = YES_ERROR;
				CLANG_WARN_DOCUMENTATION_COMMENTS = YES;
				CLANG_WARN_EMPTY_BODY = YES;
				CLANG_WARN_ENUM_CONVERSION = YES;
				CLANG_WARN_INFINITE_RECURSION = YES;
				CLANG_WARN_INT_CONVERSION = YES;
				CLANG_WARN_NON_LITERAL_NULL_CONVERSION = YES;
				CLANG_WARN_OBJC_IMPLICIT_RETAIN_SELF = YES;
				CLANG_WARN_OBJC_LITERAL_CONVERSION = YES;
				CLANG_WARN_OBJC_ROOT_CLASS = YES_ERROR;
				CLANG_WARN_QUOTED_INCLUDE_IN_FRAMEWORK_HEADER = YES;
				CLANG_WARN_RANGE_LOOP_ANALYSIS = YES;
				CLANG_WARN_STRICT_PROTOTYPES = YES;
				CLANG_WARN_SUSPICIOUS_MOVE = YES;
				CLANG_WARN_UNGUARDED_AVAILABILITY = YES_AGGRESSIVE;
				CLANG_WARN_UNREACHABLE_CODE = YES;
				CLANG_WARN__DUPLICATE_METHOD_MATCH = YES;
				COPY_PHASE_STRIP = NO;
				DEBUG_INFORMATION_FORMAT = "dwarf-with-dsym";
				ENABLE_NS_ASSERTIONS = NO;
				ENABLE_STRICT_OBJC_MSGSEND = YES;
				ENABLE_USER_SCRIPT_SANDBOXING = YES;
				GCC_C_LANGUAGE_STANDARD = gnu17;
				GCC_NO_COMMON_BLOCKS = YES;
				GCC_WARN_64_TO_32_BIT_CONVERSION = YES;
				GCC_WARN_ABOUT_RETURN_TYPE = YES_ERROR;
				GCC_WARN_UNDECLARED_SELECTOR = YES;
				GCC_WARN_UNINITIALIZED_AUTOS = YES_AGGRESSIVE;
				GCC_WARN_UNUSED_FUNCTION = YES;
				GCC_WARN_UNUSED_VARIABLE = YES;
				IPHONEOS_DEPLOYMENT_TARGET = 17.0;
				LOCALIZATION_PREFERS_STRING_CATALOGS = YES;
				MTL_ENABLE_DEBUG_INFO = NO;
				MTL_FAST_MATH = YES;
				SDKROOT = iphoneos;
				SWIFT_COMPILATION_MODE = wholemodule;
				VALIDATE_PRODUCT = YES;
			};
			name = Release;
		};
		F561F3652B03CB5200194381 /* Debug */ = {
			isa = XCBuildConfiguration;
			buildSettings = {
				ASSETCATALOG_COMPILER_APPICON_NAME = AppIcon;
				ASSETCATALOG_COMPILER_GLOBAL_ACCENT_COLOR_NAME = AccentColor;
				CODE_SIGN_STYLE = Automatic;
				CURRENT_PROJECT_VERSION = 1;
				DEVELOPMENT_ASSET_PATHS = "\"Learning_SwiftData_with_Notes_Clone/Preview Content\"";
				DEVELOPMENT_TEAM = JZX85Z36BA;
				ENABLE_PREVIEWS = YES;
				GENERATE_INFOPLIST_FILE = YES;
				INFOPLIST_KEY_UIApplicationSceneManifest_Generation = YES;
				INFOPLIST_KEY_UIApplicationSupportsIndirectInputEvents = YES;
				INFOPLIST_KEY_UILaunchScreen_Generation = YES;
				INFOPLIST_KEY_UISupportedInterfaceOrientations_iPad = "UIInterfaceOrientationPortrait UIInterfaceOrientationPortraitUpsideDown UIInterfaceOrientationLandscapeLeft UIInterfaceOrientationLandscapeRight";
				INFOPLIST_KEY_UISupportedInterfaceOrientations_iPhone = "UIInterfaceOrientationPortrait UIInterfaceOrientationLandscapeLeft UIInterfaceOrientationLandscapeRight";
				LD_RUNPATH_SEARCH_PATHS = (
					"$(inherited)",
					"@executable_path/Frameworks",
				);
				MARKETING_VERSION = 1.0;
				PRODUCT_BUNDLE_IDENTIFIER = "learning.Learning-SwiftData-with-Notes-Clone";
				PRODUCT_NAME = "$(TARGET_NAME)";
				SWIFT_EMIT_LOC_STRINGS = YES;
				SWIFT_VERSION = 5.0;
				TARGETED_DEVICE_FAMILY = "1,2";
			};
			name = Debug;
		};
		F561F3662B03CB5200194381 /* Release */ = {
			isa = XCBuildConfiguration;
			buildSettings = {
				ASSETCATALOG_COMPILER_APPICON_NAME = AppIcon;
				ASSETCATALOG_COMPILER_GLOBAL_ACCENT_COLOR_NAME = AccentColor;
				CODE_SIGN_STYLE = Automatic;
				CURRENT_PROJECT_VERSION = 1;
				DEVELOPMENT_ASSET_PATHS = "\"Learning_SwiftData_with_Notes_Clone/Preview Content\"";
				DEVELOPMENT_TEAM = JZX85Z36BA;
				ENABLE_PREVIEWS = YES;
				GENERATE_INFOPLIST_FILE = YES;
				INFOPLIST_KEY_UIApplicationSceneManifest_Generation = YES;
				INFOPLIST_KEY_UIApplicationSupportsIndirectInputEvents = YES;
				INFOPLIST_KEY_UILaunchScreen_Generation = YES;
				INFOPLIST_KEY_UISupportedInterfaceOrientations_iPad = "UIInterfaceOrientationPortrait UIInterfaceOrientationPortraitUpsideDown UIInterfaceOrientationLandscapeLeft UIInterfaceOrientationLandscapeRight";
				INFOPLIST_KEY_UISupportedInterfaceOrientations_iPhone = "UIInterfaceOrientationPortrait UIInterfaceOrientationLandscapeLeft UIInterfaceOrientationLandscapeRight";
				LD_RUNPATH_SEARCH_PATHS = (
					"$(inherited)",
					"@executable_path/Frameworks",
				);
				MARKETING_VERSION = 1.0;
				PRODUCT_BUNDLE_IDENTIFIER = "learning.Learning-SwiftData-with-Notes-Clone";
				PRODUCT_NAME = "$(TARGET_NAME)";
				SWIFT_EMIT_LOC_STRINGS = YES;
				SWIFT_VERSION = 5.0;
				TARGETED_DEVICE_FAMILY = "1,2";
			};
			name = Release;
		};
/* End XCBuildConfiguration section */

/* Begin XCConfigurationList section */
		F561F3512B03CB5100194381 /* Build configuration list for PBXProject "Learning_SwiftData_with_Notes_Clone" */ = {
			isa = XCConfigurationList;
			buildConfigurations = (
				F561F3622B03CB5200194381 /* Debug */,
				F561F3632B03CB5200194381 /* Release */,
			);
			defaultConfigurationIsVisible = 0;
			defaultConfigurationName = Release;
		};
		F561F3642B03CB5200194381 /* Build configuration list for PBXNativeTarget "Learning_SwiftData_with_Notes_Clone" */ = {
			isa = XCConfigurationList;
			buildConfigurations = (
				F561F3652B03CB5200194381 /* Debug */,
				F561F3662B03CB5200194381 /* Release */,
			);
			defaultConfigurationIsVisible = 0;
			defaultConfigurationName = Release;
		};
/* End XCConfigurationList section */
	};
	rootObject = F561F34E2B03CB5100194381 /* Project object */;
}
